
Microsoft Visual Studio Solution File, Format Version 10.00
# Visual Studio 2008
Project("{FAE04EC0-301F-11D3-BF4B-00C04F79EFBC}") = "MelsecSerialUnit", "MelsecSerialUnit.csproj", "{CBED042B-9337-4DEE-8880-941D21267AD8}"
EndProject
Global
	GlobalSection(SolutionConfigurationPlatforms) = preSolution
		Debug|Any CPU = Debug|Any CPU
		Release|Any CPU = Release|Any CPU
	EndGlobalSection
	GlobalSection(ProjectConfigurationPlatforms) = postSolution
		{CBED042B-9337-4DEE-8880-941D21267AD8}.Debug|Any CPU.ActiveCfg = Debug|Any CPU
		{CBED042B-9337-4DEE-8880-941D21267AD8}.Debug|Any CPU.Build.0 = Debug|Any CPU
		{CBED042B-9337-4DEE-8880-941D21267AD8}.Release|Any CPU.ActiveCfg = Release|Any CPU
		{CBED042B-9337-4DEE-8880-941D21267AD8}.Release|Any CPU.Build.0 = Release|Any CPU
	EndGlobalSection
	GlobalSection(SolutionProperties) = preSolution
		HideSolutionNode = FALSE
	EndGlobalSection
EndGlobal
